
Microsoft Visual Studio Solution File, Format Version 12.00
# Visual Studio Version 16
VisualStudioVersion = 16.0.33328.57
MinimumVisualStudioVersion = 10.0.40219.1
Project("{FAE04EC0-301F-11D3-BF4B-00C04F79EFBC}") = "CalculadoraConsoleApp", "CalculadoraConsoleApp\CalculadoraConsoleApp.csproj", "{565D1301-0A81-4618-96BA-0A23CCA0DF35}"
EndProject
Global
	GlobalSection(SolutionConfigurationPlatforms) = preSolution
		Debug|Any CPU = Debug|Any CPU
		Release|Any CPU = Release|Any CPU
	EndGlobalSection
	GlobalSection(ProjectConfigurationPlatforms) = postSolution
		{565D1301-0A81-4618-96BA-0A23CCA0DF35}.Debug|Any CPU.ActiveCfg = Debug|Any CPU
		{565D1301-0A81-4618-96BA-0A23CCA0DF35}.Debug|Any CPU.Build.0 = Debug|Any CPU
		{565D1301-0A81-4618-96BA-0A23CCA0DF35}.Release|Any CPU.ActiveCfg = Release|Any CPU
		{565D1301-0A81-4618-96BA-0A23CCA0DF35}.Release|Any CPU.Build.0 = Release|Any CPU
	EndGlobalSection
	GlobalSection(SolutionProperties) = preSolution
		HideSolutionNode = FALSE
	EndGlobalSection
	GlobalSection(ExtensibilityGlobals) = postSolution
		SolutionGuid = {09C740FD-BEED-4156-8F4B-E75BE2B77297}
	EndGlobalSection
EndGlobal
